
Microsoft Visual Studio Solution File, Format Version 12.00
Project("{FAE04EC0-301F-11D3-BF4B-00C04F79EFBC}") = "GeometryLibrary", "GeometryLibrary\GeometryLibrary.csproj", "{1CBA5CC6-0FF3-4420-8173-33267B1C4A43}"
EndProject
Project("{FAE04EC0-301F-11D3-BF4B-00C04F79EFBC}") = "GeometryLibrary.Tests", "GeometryLibrary.Tests\GeometryLibrary.Tests.csproj", "{BBC06294-64EB-4A0A-A101-727164376F75}"
EndProject
Global
	GlobalSection(SolutionConfigurationPlatforms) = preSolution
		Debug|Any CPU = Debug|Any CPU
		Release|Any CPU = Release|Any CPU
	EndGlobalSection
	GlobalSection(ProjectConfigurationPlatforms) = postSolution
		{1CBA5CC6-0FF3-4420-8173-33267B1C4A43}.Debug|Any CPU.ActiveCfg = Debug|Any CPU
		{1CBA5CC6-0FF3-4420-8173-33267B1C4A43}.Debug|Any CPU.Build.0 = Debug|Any CPU
		{1CBA5CC6-0FF3-4420-8173-33267B1C4A43}.Release|Any CPU.ActiveCfg = Release|Any CPU
		{1CBA5CC6-0FF3-4420-8173-33267B1C4A43}.Release|Any CPU.Build.0 = Release|Any CPU
		{BBC06294-64EB-4A0A-A101-727164376F75}.Debug|Any CPU.ActiveCfg = Debug|Any CPU
		{BBC06294-64EB-4A0A-A101-727164376F75}.Debug|Any CPU.Build.0 = Debug|Any CPU
		{BBC06294-64EB-4A0A-A101-727164376F75}.Release|Any CPU.ActiveCfg = Release|Any CPU
		{BBC06294-64EB-4A0A-A101-727164376F75}.Release|Any CPU.Build.0 = Release|Any CPU
	EndGlobalSection
EndGlobal
